# This file is automatically @generated by Cargo.
# It is not intended for manual editing.
version = 4

[[package]]
name = "fixtures"
version = "0.1.0"

[[package]]
name = "sweep-cli"
version = "0.1.0"
dependencies = [
 "fixtures",
 "sweep-core",
]

[[package]]
name = "sweep-core"
version = "0.1.0"
dependencies = [
 "fixtures",
]
